
Microsoft Visual Studio Solution File, Format Version 12.00
# Visual Studio Version 17
VisualStudioVersion = 17.5.002.0
MinimumVisualStudioVersion = 10.0.40219.1
Project("{9A19103F-16F7-4668-BE54-9A1E7A4F7556}") = "PerakladBot", "PerakladBot.csproj", "{F01674F6-AFC0-4437-BFD9-D1DD49DC19B4}"
EndProject
Global
	GlobalSection(SolutionConfigurationPlatforms) = preSolution
		Debug|Any CPU = Debug|Any CPU
		Release|Any CPU = Release|Any CPU
	EndGlobalSection
	GlobalSection(ProjectConfigurationPlatforms) = postSolution
		{F01674F6-AFC0-4437-BFD9-D1DD49DC19B4}.Debug|Any CPU.ActiveCfg = Debug|Any CPU
		{F01674F6-AFC0-4437-BFD9-D1DD49DC19B4}.Debug|Any CPU.Build.0 = Debug|Any CPU
		{F01674F6-AFC0-4437-BFD9-D1DD49DC19B4}.Release|Any CPU.ActiveCfg = Release|Any CPU
		{F01674F6-AFC0-4437-BFD9-D1DD49DC19B4}.Release|Any CPU.Build.0 = Release|Any CPU
	EndGlobalSection
	GlobalSection(SolutionProperties) = preSolution
		HideSolutionNode = FALSE
	EndGlobalSection
	GlobalSection(ExtensibilityGlobals) = postSolution
		SolutionGuid = {BA36A06F-C0FE-4E5A-8619-D22A9033964E}
	EndGlobalSection
EndGlobal
